
Microsoft Visual Studio Solution File, Format Version 12.00
# Visual Studio Version 16
VisualStudioVersion = 16.0.31321.278
MinimumVisualStudioVersion = 10.0.40219.1
Project("{888888A0-9F3D-457C-B088-3A5042F75D52}") = "globalAlHub30May", "globalAlHub30May\globalAlHub30May.pyproj", "{59380EB7-32C0-49D1-A3F1-85315DCEF8FF}"
EndProject
Global
	GlobalSection(SolutionConfigurationPlatforms) = preSolution
		Debug|Any CPU = Debug|Any CPU
		Release|Any CPU = Release|Any CPU
	EndGlobalSection
	GlobalSection(ProjectConfigurationPlatforms) = postSolution
		{59380EB7-32C0-49D1-A3F1-85315DCEF8FF}.Debug|Any CPU.ActiveCfg = Debug|Any CPU
		{59380EB7-32C0-49D1-A3F1-85315DCEF8FF}.Release|Any CPU.ActiveCfg = Release|Any CPU
	EndGlobalSection
	GlobalSection(SolutionProperties) = preSolution
		HideSolutionNode = FALSE
	EndGlobalSection
	GlobalSection(ExtensibilityGlobals) = postSolution
		SolutionGuid = {975BB7D6-7405-4313-9DFD-FE3501A9F481}
	EndGlobalSection
EndGlobal
